
Microsoft Visual Studio Solution File, Format Version 10.00
# Visual Studio 2008
Project("{FAE04EC0-301F-11D3-BF4B-00C04F79EFBC}") = "EasySyslogMonitor", "EasySyslogMonitor\EasySyslogMonitor.csproj", "{7FF1D0DC-6849-46A1-B314-2F391D717BC7}"
EndProject
Project("{FAE04EC0-301F-11D3-BF4B-00C04F79EFBC}") = "EasySyslogService", "EasySyslogService\EasySyslogService.csproj", "{7EAC2879-C779-4DB9-A80E-98BA661C40BC}"
EndProject
Global
	GlobalSection(SolutionConfigurationPlatforms) = preSolution
		Debug|Any CPU = Debug|Any CPU
		Release|Any CPU = Release|Any CPU
	EndGlobalSection
	GlobalSection(ProjectConfigurationPlatforms) = postSolution
		{7FF1D0DC-6849-46A1-B314-2F391D717BC7}.Debug|Any CPU.ActiveCfg = Debug|Any CPU
		{7FF1D0DC-6849-46A1-B314-2F391D717BC7}.Debug|Any CPU.Build.0 = Debug|Any CPU
		{7FF1D0DC-6849-46A1-B314-2F391D717BC7}.Release|Any CPU.ActiveCfg = Release|Any CPU
		{7FF1D0DC-6849-46A1-B314-2F391D717BC7}.Release|Any CPU.Build.0 = Release|Any CPU
		{7EAC2879-C779-4DB9-A80E-98BA661C40BC}.Debug|Any CPU.ActiveCfg = Debug|Any CPU
		{7EAC2879-C779-4DB9-A80E-98BA661C40BC}.Debug|Any CPU.Build.0 = Debug|Any CPU
		{7EAC2879-C779-4DB9-A80E-98BA661C40BC}.Release|Any CPU.ActiveCfg = Release|Any CPU
		{7EAC2879-C779-4DB9-A80E-98BA661C40BC}.Release|Any CPU.Build.0 = Release|Any CPU
	EndGlobalSection
	GlobalSection(SolutionProperties) = preSolution
		HideSolutionNode = FALSE
	EndGlobalSection
EndGlobal
